
Microsoft Visual Studio Solution File, Format Version 12.00
# Visual Studio Version 17
VisualStudioVersion = 17.7.34024.191
MinimumVisualStudioVersion = 10.0.40219.1
Project("{F184B08F-C81C-45F6-A57F-5ABD9991F28F}") = "Floreria_2024", "Floreria_2024\Floreria_2024.vbproj", "{98DF4DD1-B86F-4877-BB66-534216EE05E6}"
EndProject
Global
	GlobalSection(SolutionConfigurationPlatforms) = preSolution
		Debug|Any CPU = Debug|Any CPU
		Release|Any CPU = Release|Any CPU
	EndGlobalSection
	GlobalSection(ProjectConfigurationPlatforms) = postSolution
		{98DF4DD1-B86F-4877-BB66-534216EE05E6}.Debug|Any CPU.ActiveCfg = Debug|Any CPU
		{98DF4DD1-B86F-4877-BB66-534216EE05E6}.Debug|Any CPU.Build.0 = Debug|Any CPU
		{98DF4DD1-B86F-4877-BB66-534216EE05E6}.Release|Any CPU.ActiveCfg = Release|Any CPU
		{98DF4DD1-B86F-4877-BB66-534216EE05E6}.Release|Any CPU.Build.0 = Release|Any CPU
	EndGlobalSection
	GlobalSection(SolutionProperties) = preSolution
		HideSolutionNode = FALSE
	EndGlobalSection
	GlobalSection(ExtensibilityGlobals) = postSolution
		SolutionGuid = {24CFD4D5-3B16-4CAA-9095-CA7FEADE47D9}
	EndGlobalSection
EndGlobal
